
Microsoft Visual Studio Solution File, Format Version 12.00
# Visual Studio Version 17
VisualStudioVersion = 17.3.32804.467
MinimumVisualStudioVersion = 10.0.40219.1
Project("{2150E333-8FDC-42A3-9474-1A3956D46DE8}") = "src", "src", "{00B016C9-EC89-4AF9-A766-190A8FFF0BEE}"
EndProject
Project("{2150E333-8FDC-42A3-9474-1A3956D46DE8}") = "1-entrypoint", "1-entrypoint", "{314EAA40-19F7-4FEA-8AF4-15D0A09C6316}"
EndProject
Project("{2150E333-8FDC-42A3-9474-1A3956D46DE8}") = "2-core", "2-core", "{E8F27C7D-9802-4432-8F4C-E6C9388E3257}"
EndProject
Project("{2150E333-8FDC-42A3-9474-1A3956D46DE8}") = "3-infrastructure", "3-infrastructure", "{A2968ED3-34E7-4434-843F-F92C3D6532E8}"
EndProject
Project("{9A19103F-16F7-4668-BE54-9A1E7A4F7556}") = "Lumini.FireKeeper.Api", "src\Api\Lumini.FireKeeper.Api.csproj", "{82AFBE78-4C37-4F34-8BC3-44A860920F52}"
EndProject
Project("{9A19103F-16F7-4668-BE54-9A1E7A4F7556}") = "Lumini.FireKeeper.Application", "src\Application\Lumini.FireKeeper.Application.csproj", "{99C364BD-7C13-4268-932B-0094E9F7082A}"
EndProject
Project("{9A19103F-16F7-4668-BE54-9A1E7A4F7556}") = "Lumini.FireKeeper.Domain", "src\Domain\Lumini.FireKeeper.Domain.csproj", "{DF09D897-B25D-4758-BF8E-DFB3E927EA12}"
EndProject
Project("{9A19103F-16F7-4668-BE54-9A1E7A4F7556}") = "Lumini.FireKeeper.Data", "src\Data\Lumini.FireKeeper.Data.csproj", "{4A83A242-7775-4135-9CE3-B9F856210FF9}"
EndProject
Global
	GlobalSection(SolutionConfigurationPlatforms) = preSolution
		Debug|Any CPU = Debug|Any CPU
		Release|Any CPU = Release|Any CPU
	EndGlobalSection
	GlobalSection(ProjectConfigurationPlatforms) = postSolution
		{82AFBE78-4C37-4F34-8BC3-44A860920F52}.Debug|Any CPU.ActiveCfg = Debug|Any CPU
		{82AFBE78-4C37-4F34-8BC3-44A860920F52}.Debug|Any CPU.Build.0 = Debug|Any CPU
		{82AFBE78-4C37-4F34-8BC3-44A860920F52}.Release|Any CPU.ActiveCfg = Release|Any CPU
		{82AFBE78-4C37-4F34-8BC3-44A860920F52}.Release|Any CPU.Build.0 = Release|Any CPU
		{99C364BD-7C13-4268-932B-0094E9F7082A}.Debug|Any CPU.ActiveCfg = Debug|Any CPU
		{99C364BD-7C13-4268-932B-0094E9F7082A}.Debug|Any CPU.Build.0 = Debug|Any CPU
		{99C364BD-7C13-4268-932B-0094E9F7082A}.Release|Any CPU.ActiveCfg = Release|Any CPU
		{99C364BD-7C13-4268-932B-0094E9F7082A}.Release|Any CPU.Build.0 = Release|Any CPU
		{DF09D897-B25D-4758-BF8E-DFB3E927EA12}.Debug|Any CPU.ActiveCfg = Debug|Any CPU
		{DF09D897-B25D-4758-BF8E-DFB3E927EA12}.Debug|Any CPU.Build.0 = Debug|Any CPU
		{DF09D897-B25D-4758-BF8E-DFB3E927EA12}.Release|Any CPU.ActiveCfg = Release|Any CPU
		{DF09D897-B25D-4758-BF8E-DFB3E927EA12}.Release|Any CPU.Build.0 = Release|Any CPU
		{4A83A242-7775-4135-9CE3-B9F856210FF9}.Debug|Any CPU.ActiveCfg = Debug|Any CPU
		{4A83A242-7775-4135-9CE3-B9F856210FF9}.Debug|Any CPU.Build.0 = Debug|Any CPU
		{4A83A242-7775-4135-9CE3-B9F856210FF9}.Release|Any CPU.ActiveCfg = Release|Any CPU
		{4A83A242-7775-4135-9CE3-B9F856210FF9}.Release|Any CPU.Build.0 = Release|Any CPU
	EndGlobalSection
	GlobalSection(SolutionProperties) = preSolution
		HideSolutionNode = FALSE
	EndGlobalSection
	GlobalSection(NestedProjects) = preSolution
		{314EAA40-19F7-4FEA-8AF4-15D0A09C6316} = {00B016C9-EC89-4AF9-A766-190A8FFF0BEE}
		{E8F27C7D-9802-4432-8F4C-E6C9388E3257} = {00B016C9-EC89-4AF9-A766-190A8FFF0BEE}
		{A2968ED3-34E7-4434-843F-F92C3D6532E8} = {00B016C9-EC89-4AF9-A766-190A8FFF0BEE}
		{82AFBE78-4C37-4F34-8BC3-44A860920F52} = {314EAA40-19F7-4FEA-8AF4-15D0A09C6316}
		{99C364BD-7C13-4268-932B-0094E9F7082A} = {E8F27C7D-9802-4432-8F4C-E6C9388E3257}
		{DF09D897-B25D-4758-BF8E-DFB3E927EA12} = {E8F27C7D-9802-4432-8F4C-E6C9388E3257}
		{4A83A242-7775-4135-9CE3-B9F856210FF9} = {A2968ED3-34E7-4434-843F-F92C3D6532E8}
	EndGlobalSection
	GlobalSection(ExtensibilityGlobals) = postSolution
		SolutionGuid = {614AAC27-BBC4-4F34-AA09-699B9CBAF540}
	EndGlobalSection
EndGlobal
